
Microsoft Visual Studio Solution File, Format Version 12.00
# Visual Studio Version 18
VisualStudioVersion = 18.3.11408.92 d18.3
MinimumVisualStudioVersion = 10.0.40219.1
Project("{9A19103F-16F7-4668-BE54-9A1E7A4F7556}") = "rna.Authentication.api", "rna.Authentication.api\rna.Authentication.api.csproj", "{EC29B69A-76CA-4A48-B6BB-D22C0872012A}"
EndProject
Project("{9A19103F-16F7-4668-BE54-9A1E7A4F7556}") = "rna.Core.Infrastructure", "..\rna.Packages\Core\Infrastructure\rna.Core.Infrastructure\rna.Core.Infrastructure.csproj", "{09E7E06D-6FB3-4979-A533-C2C9E69F62A1}"
EndProject
Project("{9A19103F-16F7-4668-BE54-9A1E7A4F7556}") = "rna.Core.Base.Infrastructure", "..\rna.Packages\Core\Infrastructure\Base\rna.Core.Base.Infrastructure\rna.Core.Base.Infrastructure.csproj", "{CA1B862B-3EA0-4BCA-97E8-8D72A4159D06}"
EndProject
Project("{9A19103F-16F7-4668-BE54-9A1E7A4F7556}") = "rna.Core.Identity.Domain", "..\rna.Packages\Core\Domain\rna.Core.Identity.Domain\rna.Core.Identity.Domain.csproj", "{41EB6102-280D-4393-8716-D5E920F5F625}"
EndProject
Project("{9A19103F-16F7-4668-BE54-9A1E7A4F7556}") = "rna.Filters.Extensions", "..\rna.Packages\Tools\Filters\rna.Filters.Extensions\rna.Filters.Extensions.csproj", "{6D4F9862-B139-40F3-AA05-D2D27ACACAB6}"
EndProject
Project("{9A19103F-16F7-4668-BE54-9A1E7A4F7556}") = "rna.Core.Identity.Infrastructure", "..\rna.Packages\Core\Infrastructure\Base\rna.Core.Identity.Infrastructure\rna.Core.Identity.Infrastructure.csproj", "{96C12C63-05FA-4C74-AB99-9D20235984FD}"
EndProject
Project("{2150E333-8FDC-42A3-9474-1A3956D46DE8}") = "Core", "Core", "{F074CF7A-2322-4179-9131-39F3977FE3D6}"
EndProject
Project("{2150E333-8FDC-42A3-9474-1A3956D46DE8}") = "Application", "Application", "{26DC5B2F-2D63-4CFF-97B2-3BE8CA69465F}"
EndProject
Project("{9A19103F-16F7-4668-BE54-9A1E7A4F7556}") = "rna.Authorization.Application", "Core\Application\rna.Authorization.Application\rna.Authorization.Application.csproj", "{C33B38E3-1072-42BD-89EB-E6D5862943F5}"
EndProject
Project("{9A19103F-16F7-4668-BE54-9A1E7A4F7556}") = "rna.Base.Extensions", "..\rna.Packages\Tools\Base\rna.Base.Extensions\rna.Base.Extensions.csproj", "{A14AAB74-AF77-4379-8F34-41FEC2395009}"
EndProject
Project("{9A19103F-16F7-4668-BE54-9A1E7A4F7556}") = "rna.Core.Domain", "..\rna.Packages\Core\Domain\rna.Core.Domain\rna.Core.Domain.csproj", "{F4EF6664-B619-48D6-831B-4D5B76E28111}"
EndProject
Project("{FAE04EC0-301F-11D3-BF4B-00C04F79EFBC}") = "rna.Exceptions.Extensions", "..\rna.packages\Tools\Base\rna.Exceptions.Extensions\rna.Exceptions.Extensions.csproj", "{80DBD4FB-5635-7C71-A7AB-BC963BD446BB}"
EndProject
Project("{FAE04EC0-301F-11D3-BF4B-00C04F79EFBC}") = "rna.Authorization.Validator", "..\rna.packages\Tools\KeyGenerator\rna.Authorization.Validator\rna.Authorization.Validator.csproj", "{70E736B3-5A94-C697-335F-60D72311DCA6}"
EndProject
Project("{FAE04EC0-301F-11D3-BF4B-00C04F79EFBC}") = "rna.Authorization.Base", "..\rna.packages\Tools\KeyGenerator\rna.Authorization.Base\rna.Authorization.Base.csproj", "{4E2296C6-35C3-40D4-D8E3-8B2DB75FCEA5}"
EndProject
Project("{FAE04EC0-301F-11D3-BF4B-00C04F79EFBC}") = "rna.Filters.Models", "..\rna.packages\Tools\Filters\rna.Filters.Models\rna.Filters.Models.csproj", "{18BF41D3-51A8-0F93-A9B7-0A67D333FA78}"
EndProject
Project("{FAE04EC0-301F-11D3-BF4B-00C04F79EFBC}") = "rna.Core.GenericDocumentProcessing.Domain", "..\rna.packages\Core\Domain\rna.Core.GenericFormProcessing.Domain\rna.Core.GenericDocumentProcessing.Domain.csproj", "{AE1967F7-0953-C864-BF76-7D2614B6F3C3}"
EndProject
Project("{FAE04EC0-301F-11D3-BF4B-00C04F79EFBC}") = "rna.Core.Resource.Infrastructure", "..\rna.packages\Core\Infrastructure\Base\rna.Core.Resource.Infrastructure\rna.Core.Resource.Infrastructure.csproj", "{87C11B1D-F374-3573-5A66-4569FC8D97CE}"
EndProject
Global
	GlobalSection(SolutionConfigurationPlatforms) = preSolution
		Debug|Any CPU = Debug|Any CPU
		Release|Any CPU = Release|Any CPU
	EndGlobalSection
	GlobalSection(ProjectConfigurationPlatforms) = postSolution
		{EC29B69A-76CA-4A48-B6BB-D22C0872012A}.Debug|Any CPU.ActiveCfg = Debug|Any CPU
		{EC29B69A-76CA-4A48-B6BB-D22C0872012A}.Debug|Any CPU.Build.0 = Debug|Any CPU
		{EC29B69A-76CA-4A48-B6BB-D22C0872012A}.Release|Any CPU.ActiveCfg = Release|Any CPU
		{EC29B69A-76CA-4A48-B6BB-D22C0872012A}.Release|Any CPU.Build.0 = Release|Any CPU
		{09E7E06D-6FB3-4979-A533-C2C9E69F62A1}.Debug|Any CPU.ActiveCfg = Debug|Any CPU
		{09E7E06D-6FB3-4979-A533-C2C9E69F62A1}.Debug|Any CPU.Build.0 = Debug|Any CPU
		{09E7E06D-6FB3-4979-A533-C2C9E69F62A1}.Release|Any CPU.ActiveCfg = Release|Any CPU
		{09E7E06D-6FB3-4979-A533-C2C9E69F62A1}.Release|Any CPU.Build.0 = Release|Any CPU
		{CA1B862B-3EA0-4BCA-97E8-8D72A4159D06}.Debug|Any CPU.ActiveCfg = Debug|Any CPU
		{CA1B862B-3EA0-4BCA-97E8-8D72A4159D06}.Debug|Any CPU.Build.0 = Debug|Any CPU
		{CA1B862B-3EA0-4BCA-97E8-8D72A4159D06}.Release|Any CPU.ActiveCfg = Release|Any CPU
		{CA1B862B-3EA0-4BCA-97E8-8D72A4159D06}.Release|Any CPU.Build.0 = Release|Any CPU
		{41EB6102-280D-4393-8716-D5E920F5F625}.Debug|Any CPU.ActiveCfg = Debug|Any CPU
		{41EB6102-280D-4393-8716-D5E920F5F625}.Debug|Any CPU.Build.0 = Debug|Any CPU
		{41EB6102-280D-4393-8716-D5E920F5F625}.Release|Any CPU.ActiveCfg = Release|Any CPU
		{41EB6102-280D-4393-8716-D5E920F5F625}.Release|Any CPU.Build.0 = Release|Any CPU
		{6D4F9862-B139-40F3-AA05-D2D27ACACAB6}.Debug|Any CPU.ActiveCfg = Debug|Any CPU
		{6D4F9862-B139-40F3-AA05-D2D27ACACAB6}.Debug|Any CPU.Build.0 = Debug|Any CPU
		{6D4F9862-B139-40F3-AA05-D2D27ACACAB6}.Release|Any CPU.ActiveCfg = Release|Any CPU
		{6D4F9862-B139-40F3-AA05-D2D27ACACAB6}.Release|Any CPU.Build.0 = Release|Any CPU
		{96C12C63-05FA-4C74-AB99-9D20235984FD}.Debug|Any CPU.ActiveCfg = Debug|Any CPU
		{96C12C63-05FA-4C74-AB99-9D20235984FD}.Debug|Any CPU.Build.0 = Debug|Any CPU
		{96C12C63-05FA-4C74-AB99-9D20235984FD}.Release|Any CPU.ActiveCfg = Release|Any CPU
		{96C12C63-05FA-4C74-AB99-9D20235984FD}.Release|Any CPU.Build.0 = Release|Any CPU
		{C33B38E3-1072-42BD-89EB-E6D5862943F5}.Debug|Any CPU.ActiveCfg = Debug|Any CPU
		{C33B38E3-1072-42BD-89EB-E6D5862943F5}.Debug|Any CPU.Build.0 = Debug|Any CPU
		{C33B38E3-1072-42BD-89EB-E6D5862943F5}.Release|Any CPU.ActiveCfg = Release|Any CPU
		{C33B38E3-1072-42BD-89EB-E6D5862943F5}.Release|Any CPU.Build.0 = Release|Any CPU
		{A14AAB74-AF77-4379-8F34-41FEC2395009}.Debug|Any CPU.ActiveCfg = Debug|Any CPU
		{A14AAB74-AF77-4379-8F34-41FEC2395009}.Debug|Any CPU.Build.0 = Debug|Any CPU
		{A14AAB74-AF77-4379-8F34-41FEC2395009}.Release|Any CPU.ActiveCfg = Release|Any CPU
		{A14AAB74-AF77-4379-8F34-41FEC2395009}.Release|Any CPU.Build.0 = Release|Any CPU
		{F4EF6664-B619-48D6-831B-4D5B76E28111}.Debug|Any CPU.ActiveCfg = Debug|Any CPU
		{F4EF6664-B619-48D6-831B-4D5B76E28111}.Debug|Any CPU.Build.0 = Debug|Any CPU
		{F4EF6664-B619-48D6-831B-4D5B76E28111}.Release|Any CPU.ActiveCfg = Release|Any CPU
		{F4EF6664-B619-48D6-831B-4D5B76E28111}.Release|Any CPU.Build.0 = Release|Any CPU
		{80DBD4FB-5635-7C71-A7AB-BC963BD446BB}.Debug|Any CPU.ActiveCfg = Debug|Any CPU
		{80DBD4FB-5635-7C71-A7AB-BC963BD446BB}.Debug|Any CPU.Build.0 = Debug|Any CPU
		{80DBD4FB-5635-7C71-A7AB-BC963BD446BB}.Release|Any CPU.ActiveCfg = Release|Any CPU
		{80DBD4FB-5635-7C71-A7AB-BC963BD446BB}.Release|Any CPU.Build.0 = Release|Any CPU
		{70E736B3-5A94-C697-335F-60D72311DCA6}.Debug|Any CPU.ActiveCfg = Debug|Any CPU
		{70E736B3-5A94-C697-335F-60D72311DCA6}.Debug|Any CPU.Build.0 = Debug|Any CPU
		{70E736B3-5A94-C697-335F-60D72311DCA6}.Release|Any CPU.ActiveCfg = Release|Any CPU
		{70E736B3-5A94-C697-335F-60D72311DCA6}.Release|Any CPU.Build.0 = Release|Any CPU
		{4E2296C6-35C3-40D4-D8E3-8B2DB75FCEA5}.Debug|Any CPU.ActiveCfg = Debug|Any CPU
		{4E2296C6-35C3-40D4-D8E3-8B2DB75FCEA5}.Debug|Any CPU.Build.0 = Debug|Any CPU
		{4E2296C6-35C3-40D4-D8E3-8B2DB75FCEA5}.Release|Any CPU.ActiveCfg = Release|Any CPU
		{4E2296C6-35C3-40D4-D8E3-8B2DB75FCEA5}.Release|Any CPU.Build.0 = Release|Any CPU
		{18BF41D3-51A8-0F93-A9B7-0A67D333FA78}.Debug|Any CPU.ActiveCfg = Debug|Any CPU
		{18BF41D3-51A8-0F93-A9B7-0A67D333FA78}.Debug|Any CPU.Build.0 = Debug|Any CPU
		{18BF41D3-51A8-0F93-A9B7-0A67D333FA78}.Release|Any CPU.ActiveCfg = Release|Any CPU
		{18BF41D3-51A8-0F93-A9B7-0A67D333FA78}.Release|Any CPU.Build.0 = Release|Any CPU
		{AE1967F7-0953-C864-BF76-7D2614B6F3C3}.Debug|Any CPU.ActiveCfg = Debug|Any CPU
		{AE1967F7-0953-C864-BF76-7D2614B6F3C3}.Debug|Any CPU.Build.0 = Debug|Any CPU
		{AE1967F7-0953-C864-BF76-7D2614B6F3C3}.Release|Any CPU.ActiveCfg = Release|Any CPU
		{AE1967F7-0953-C864-BF76-7D2614B6F3C3}.Release|Any CPU.Build.0 = Release|Any CPU
		{87C11B1D-F374-3573-5A66-4569FC8D97CE}.Debug|Any CPU.ActiveCfg = Debug|Any CPU
		{87C11B1D-F374-3573-5A66-4569FC8D97CE}.Debug|Any CPU.Build.0 = Debug|Any CPU
		{87C11B1D-F374-3573-5A66-4569FC8D97CE}.Release|Any CPU.ActiveCfg = Release|Any CPU
		{87C11B1D-F374-3573-5A66-4569FC8D97CE}.Release|Any CPU.Build.0 = Release|Any CPU
	EndGlobalSection
	GlobalSection(SolutionProperties) = preSolution
		HideSolutionNode = FALSE
	EndGlobalSection
	GlobalSection(NestedProjects) = preSolution
		{26DC5B2F-2D63-4CFF-97B2-3BE8CA69465F} = {F074CF7A-2322-4179-9131-39F3977FE3D6}
		{C33B38E3-1072-42BD-89EB-E6D5862943F5} = {26DC5B2F-2D63-4CFF-97B2-3BE8CA69465F}
	EndGlobalSection
	GlobalSection(ExtensibilityGlobals) = postSolution
		SolutionGuid = {9EDBC208-0B6B-46ED-B38C-63CE54A31036}
	EndGlobalSection
EndGlobal
